
Microsoft Visual Studio Solution File, Format Version 12.00
# Visual Studio 15
Project("{FAE04EC0-301F-11D3-BF4B-00C04F79EFBC}") = "Medicabio.Android", "Medicabio.Android\Medicabio.Android.csproj", "{BC1F78BF-A6E2-4788-856B-0E7B0A15AE08}"
EndProject
Project("{FAE04EC0-301F-11D3-BF4B-00C04F79EFBC}") = "Medicabio.iOS", "Medicabio.iOS\Medicabio.iOS.csproj", "{06DB3FB7-D8E1-4D3E-B1A8-5DB30FEBF3BB}"
EndProject
Project("{FAE04EC0-301F-11D3-BF4B-00C04F79EFBC}") = "Medicabio", "Medicabio\Medicabio.csproj", "{8AFD30CE-83E4-4B4C-AC74-20B33E114497}"
EndProject
Global
	GlobalSection(SolutionConfigurationPlatforms) = preSolution
		Debug|Any CPU = Debug|Any CPU
		Release|Any CPU = Release|Any CPU
		Debug|iPhoneSimulator = Debug|iPhoneSimulator
		Release|iPhoneSimulator = Release|iPhoneSimulator
		Debug|iPhone = Debug|iPhone
		Release|iPhone = Release|iPhone
	EndGlobalSection
	GlobalSection(ProjectConfigurationPlatforms) = postSolution
		{BC1F78BF-A6E2-4788-856B-0E7B0A15AE08}.Debug|Any CPU.ActiveCfg = Debug|Any CPU
		{BC1F78BF-A6E2-4788-856B-0E7B0A15AE08}.Debug|Any CPU.Build.0 = Debug|Any CPU
		{BC1F78BF-A6E2-4788-856B-0E7B0A15AE08}.Release|Any CPU.ActiveCfg = Release|Any CPU
		{BC1F78BF-A6E2-4788-856B-0E7B0A15AE08}.Release|Any CPU.Build.0 = Release|Any CPU
		{BC1F78BF-A6E2-4788-856B-0E7B0A15AE08}.Debug|iPhoneSimulator.ActiveCfg = Debug|Any CPU
		{BC1F78BF-A6E2-4788-856B-0E7B0A15AE08}.Debug|iPhoneSimulator.Build.0 = Debug|Any CPU
		{BC1F78BF-A6E2-4788-856B-0E7B0A15AE08}.Release|iPhoneSimulator.ActiveCfg = Release|Any CPU
		{BC1F78BF-A6E2-4788-856B-0E7B0A15AE08}.Release|iPhoneSimulator.Build.0 = Release|Any CPU
		{BC1F78BF-A6E2-4788-856B-0E7B0A15AE08}.Debug|iPhone.ActiveCfg = Debug|Any CPU
		{BC1F78BF-A6E2-4788-856B-0E7B0A15AE08}.Debug|iPhone.Build.0 = Debug|Any CPU
		{BC1F78BF-A6E2-4788-856B-0E7B0A15AE08}.Release|iPhone.ActiveCfg = Release|Any CPU
		{BC1F78BF-A6E2-4788-856B-0E7B0A15AE08}.Release|iPhone.Build.0 = Release|Any CPU
		{06DB3FB7-D8E1-4D3E-B1A8-5DB30FEBF3BB}.Debug|Any CPU.ActiveCfg = Debug|iPhoneSimulator
		{06DB3FB7-D8E1-4D3E-B1A8-5DB30FEBF3BB}.Debug|Any CPU.Build.0 = Debug|iPhoneSimulator
		{06DB3FB7-D8E1-4D3E-B1A8-5DB30FEBF3BB}.Release|Any CPU.ActiveCfg = Release|iPhoneSimulator
		{06DB3FB7-D8E1-4D3E-B1A8-5DB30FEBF3BB}.Release|Any CPU.Build.0 = Release|iPhoneSimulator
		{06DB3FB7-D8E1-4D3E-B1A8-5DB30FEBF3BB}.Debug|iPhoneSimulator.ActiveCfg = Debug|iPhoneSimulator
		{06DB3FB7-D8E1-4D3E-B1A8-5DB30FEBF3BB}.Debug|iPhoneSimulator.Build.0 = Debug|iPhoneSimulator
		{06DB3FB7-D8E1-4D3E-B1A8-5DB30FEBF3BB}.Release|iPhoneSimulator.ActiveCfg = Release|iPhoneSimulator
		{06DB3FB7-D8E1-4D3E-B1A8-5DB30FEBF3BB}.Release|iPhoneSimulator.Build.0 = Release|iPhoneSimulator
		{06DB3FB7-D8E1-4D3E-B1A8-5DB30FEBF3BB}.Debug|iPhone.ActiveCfg = Debug|iPhone
		{06DB3FB7-D8E1-4D3E-B1A8-5DB30FEBF3BB}.Debug|iPhone.Build.0 = Debug|iPhone
		{06DB3FB7-D8E1-4D3E-B1A8-5DB30FEBF3BB}.Release|iPhone.ActiveCfg = Release|iPhone
		{06DB3FB7-D8E1-4D3E-B1A8-5DB30FEBF3BB}.Release|iPhone.Build.0 = Release|iPhone
		{8AFD30CE-83E4-4B4C-AC74-20B33E114497}.Debug|Any CPU.ActiveCfg = Debug|Any CPU
		{8AFD30CE-83E4-4B4C-AC74-20B33E114497}.Debug|Any CPU.Build.0 = Debug|Any CPU
		{8AFD30CE-83E4-4B4C-AC74-20B33E114497}.Release|Any CPU.ActiveCfg = Release|Any CPU
		{8AFD30CE-83E4-4B4C-AC74-20B33E114497}.Release|Any CPU.Build.0 = Release|Any CPU
		{8AFD30CE-83E4-4B4C-AC74-20B33E114497}.Debug|iPhoneSimulator.ActiveCfg = Debug|Any CPU
		{8AFD30CE-83E4-4B4C-AC74-20B33E114497}.Debug|iPhoneSimulator.Build.0 = Debug|Any CPU
		{8AFD30CE-83E4-4B4C-AC74-20B33E114497}.Release|iPhoneSimulator.ActiveCfg = Release|Any CPU
		{8AFD30CE-83E4-4B4C-AC74-20B33E114497}.Release|iPhoneSimulator.Build.0 = Release|Any CPU
		{8AFD30CE-83E4-4B4C-AC74-20B33E114497}.Debug|iPhone.ActiveCfg = Debug|Any CPU
		{8AFD30CE-83E4-4B4C-AC74-20B33E114497}.Debug|iPhone.Build.0 = Debug|Any CPU
		{8AFD30CE-83E4-4B4C-AC74-20B33E114497}.Release|iPhone.ActiveCfg = Release|Any CPU
		{8AFD30CE-83E4-4B4C-AC74-20B33E114497}.Release|iPhone.Build.0 = Release|Any CPU
	EndGlobalSection
EndGlobal
